filippo.io/age v1.1.1 h1:pIpO7l151hCnQ4BdyBujnGP2YlUo0uj6sAVNHGBvXHg=
filippo.io/age v1.1.1/go.mod h1:l03SrzDUrBkdBx8+IILdnn2KZysqQdbEBUQ4p3sqEQE=
golang.org/x/crypto v0.4.0 h1:UVQgzMY87xqpKNgb+kDsll2Igd33HszWHFLmpaRMq/8=
golang.org/x/crypto v0.4.0/go.mod h1:3quD/ATkf6oY+rnes5c3ExXTbLc8mueNue5/DoinL80=
golang.org/x/sys v0.4.0 h1:Zr2JFtRQNX3BCZ8YtxRE9hNJYC8J6I1MVbMg6owUp18=
golang.org/x/sys v0.4.0/go.mod h1:oPkhp1MJrh7nUepCBck5+mAzfO9JrbApNNgaTdGDITg=
