filippo.io/age v1.1.1 h1:pIpO7l151hCnQ4BdyBujnGP2YlUo0uj6sAVNHGBvXHg=
filippo.io/age v1.1.1/go.mod h1:l03SrzDUrBkdBx8+IILdnn2KZysqQdbEBUQ4p3sqEQE=
github.com/aws/aws-sdk-go v1.50.13 h1:yeXram2g7q8uKkQkAEeZyk9FmPzxI4UpGwAZGZtEGmM=
github.com/aws/aws-sdk-go-v2 v1.30.1 h1:4y/5Dvfrhd1MxRDD77SrfsDaj8kUkkljU7XE83NPV+o=
github.com/aws/aws-sdk-go-v2/aws/protocol/eventstream v1.6.3 h1:tW1/Rkad38LA15X4UQtjXZXNKsCgkshC3EbmcUmghTg=
github.com/aws/aws-sdk-go-v2/config v1.27.23 h1:Cr/gJEa9NAS7CDAjbnB7tHYb3aLZI2gVggfmSAasDac=
github.com/aws/aws-sdk-go-v2/credentials v1.17.23 h1:G1CfmLVoO2TdQ8z9dW+JBc/r8+MqyPQhXCafNZcXVZo=
github.com/aws/aws-sdk-go-v2/feature/ec2/imds v1.16.9 h1:Aznqksmd6Rfv2HQN9cpqIV/lQRMaIpJkLLaJ1ZI76no=
github.com/aws/aws-sdk-go-v2/internal/configsources v1.3.13 h1:5SAoZ4jYpGH4721ZNoS1znQrhOfZinOhc4XuTXx/nVc=
github.com/aws/aws-sdk-go-v2/internal/endpoints/v2 v2.6.13 h1:WIijqeaAO7TYFLbhsZmi2rgLEAtWOC1LhxCAVTJlSKw=
github.com/aws/aws-sdk-go-v2/internal/ini v1.8.0 h1:hT8rVHwugYE2lEfdFE0QWVo81lF7jMrYJVDWI+f+VxU=
github.com/aws/aws-sdk-go-v2/internal/v4a v1.3.13 h1:THZJJ6TU/FOiM7DZFnisYV9d49oxXWUzsVIMTuf3VNU=
github.com/aws/aws-sdk-go-v2/service/internal/accept-encoding v1.11.3 h1:dT3MqvGhSoaIhRseqw2I0yH81l7wiR2vjs57O51EAm8=
github.com/aws/aws-sdk-go-v2/service/internal/checksum v1.3.15 h1:2jyRZ9rVIMisyQRnhSS/SqlckveoxXneIumECVFP91Y=
github.com/aws/aws-sdk-go-v2/service/internal/presigned-url v1.11.15 h1:I9zMeF107l0rJrpnHpjEiiTSCKYAIw8mALiXcPsGBiA=
github.com/aws/aws-sdk-go-v2/service/internal/s3shared v1.17.13 h1:Eq2THzHt6P41mpjS2sUzz/3dJYFRqdWZ+vQaEMm98EM=
github.com/aws/aws-sdk-go-v2/service/s3 v1.57.1 h1:aHPtNY87GZ214N4rShgIo+5JQz7ICrJ50i17JbueUTw=
github.com/aws/aws-sdk-go-v2/service/sso v1.22.1 h1:p1GahKIjyMDZtiKoIn0/jAj/TkMzfzndDv5+zi2Mhgc=
github.com/aws/aws-sdk-go-v2/service/ssooidc v1.26.1 h1:lCEv9f8f+zJ8kcFeAjRZsekLd/x5SAm96Cva+VbUdo8=
github.com/aws/aws-sdk-go-v2/service/sts v1.30.1 h1:+woJ607dllHJQtsnJLi52ycuqHMwlW+Wqm2Ppsfp4nQ=
github.com/aws/smithy-go v1.20.3 h1:ryHwveWzPV5BIof6fyDvor6V3iUL7nTfiTKXHiW05nE=
github.com/jmespath/go-jmespath v0.4.0 h1:BEgLn5cpjn8UN1mAw4NjwDrS35OdebyEtFe+9YPoQUg=
golang.org/x/crypto v0.22.0 h1:g1v0xeRhjcugydODzvb3mEM9SQ0HGp9s/nh3COQ/C30=
golang.org/x/sys v0.19.0 h1:q5f1RH2jigJ1MoAWp2KTp3gm5zAGFUTarQZ5U386+4o=
