github.com/brave/viproxy v0.1.2 h1:sOY8bI1CqLNq+KyRJrEzQuWia81UmLjK5kqTqD284hs=
github.com/brave/viproxy v0.1.2/go.mod h1:E5v9Ajo1sPVAmgDjKDU8fLmkoJeHjtcXJIkEm8XubpQ=
github.com/google/go-cmp v0.5.9 h1:O2Tfq5qg4qc4AmwVlvv0oLiVAGB7enBSJ2x2DqQFi38=
github.com/mdlayher/socket v0.4.0 h1:280wsy40IC9M9q1uPGcLBwXpcTQDtoGwVt+BNoITxIw=
github.com/mdlayher/socket v0.4.0/go.mod h1:xxFqz5GRCUN3UEOm9CZqEJsAbe1C8OwSK46NlmWuVoc=
github.com/mdlayher/vsock v1.2.0 h1:klRY9lndjmg6k/QWbX/ucQ3e2JFRm1M7vfG9hijbQ0A=
github.com/mdlayher/vsock v1.2.0/go.mod h1:w4kdSTQB9p1l/WwGmAs0V62qQ869qRYoongwgN+Y1HE=
golang.org/x/net v0.23.0 h1:7EYJ93RZ9vYSZAIb2x3lnuvqO5zneoD6IvWjuhfxjTs=
golang.org/x/net v0.23.0/go.mod h1:JKghWKKOSdJwpW2GEx0Ja7fmaKnMsbu+MWVZTokSYmg=
golang.org/x/sync v0.1.0 h1:wsuoTGHzEhffawBOhz5CYhcrV4IdKZbEyZjBMuTp12o=
golang.org/x/sync v0.1.0/go.mod h1:RxMgew5VJxzue5/jJTE5uejpjVlOe/izrB70Jof72aM=
golang.org/x/sys v0.18.0 h1:DBdB3niSjOA/O0blCZBqDefyWNYveAYMNF1Wum0DYQ4=
golang.org/x/sys v0.18.0/go.mod h1:/VUhepiaJMQUp4+oa/7Zr1D23ma6VTLIYjOOTFZPUcA=
